
Microsoft Visual Studio Solution File, Format Version 12.00
# Visual Studio 14
VisualStudioVersion = 14.0.25420.1
MinimumVisualStudioVersion = 10.0.40219.1
Project("{FAE04EC0-301F-11D3-BF4B-00C04F79EFBC}") = "GSMovieRental", "GSMovieRental\GSMovieRental.csproj", "{935C2AB8-87C0-40EF-AB46-426FE6064741}"
EndProject
Project("{FAE04EC0-301F-11D3-BF4B-00C04F79EFBC}") = "GSMovieRental.Tests", "GSMovieRental.Tests\GSMovieRental.Tests.csproj", "{80A999FC-8F63-455D-8FBF-C5CF0E5EDD9E}"
EndProject
Global
	GlobalSection(SolutionConfigurationPlatforms) = preSolution
		Debug|Any CPU = Debug|Any CPU
		Release|Any CPU = Release|Any CPU
	EndGlobalSection
	GlobalSection(ProjectConfigurationPlatforms) = postSolution
		{935C2AB8-87C0-40EF-AB46-426FE6064741}.Debug|Any CPU.ActiveCfg = Debug|Any CPU
		{935C2AB8-87C0-40EF-AB46-426FE6064741}.Debug|Any CPU.Build.0 = Debug|Any CPU
		{935C2AB8-87C0-40EF-AB46-426FE6064741}.Release|Any CPU.ActiveCfg = Release|Any CPU
		{935C2AB8-87C0-40EF-AB46-426FE6064741}.Release|Any CPU.Build.0 = Release|Any CPU
		{80A999FC-8F63-455D-8FBF-C5CF0E5EDD9E}.Debug|Any CPU.ActiveCfg = Debug|Any CPU
		{80A999FC-8F63-455D-8FBF-C5CF0E5EDD9E}.Debug|Any CPU.Build.0 = Debug|Any CPU
		{80A999FC-8F63-455D-8FBF-C5CF0E5EDD9E}.Release|Any CPU.ActiveCfg = Release|Any CPU
		{80A999FC-8F63-455D-8FBF-C5CF0E5EDD9E}.Release|Any CPU.Build.0 = Release|Any CPU
	EndGlobalSection
	GlobalSection(SolutionProperties) = preSolution
		HideSolutionNode = FALSE
	EndGlobalSection
EndGlobal
